
Microsoft Visual Studio Solution File, Format Version 12.00
# Visual Studio 15
VisualStudioVersion = 15.0.27004.2005
MinimumVisualStudioVersion = 10.0.40219.1
Project("{FAE04EC0-301F-11D3-BF4B-00C04F79EFBC}") = "CasePlugin", "Plugins\Case\CasePlugin.csproj", "{B865A6D6-6FC8-450C-AEE0-16236D769C33}"
EndProject
Project("{2150E333-8FDC-42A3-9474-1A3956D46DE8}") = "Plugins", "Plugins", "{9CEDF9CF-FE95-4870-8EB6-7B05AC2D1D0C}"
EndProject
Project("{2150E333-8FDC-42A3-9474-1A3956D46DE8}") = "Workflows", "Workflows", "{0E547793-EB8F-45FB-A992-D3484D80CCB6}"
EndProject
Project("{FAE04EC0-301F-11D3-BF4B-00C04F79EFBC}") = "CustomerActivity", "Plugins\CustomerActivity\CustomerActivity.csproj", "{D8C0D1BE-8A16-4E09-83A9-144DB603F87C}"
EndProject
Project("{FAE04EC0-301F-11D3-BF4B-00C04F79EFBC}") = "EmailPlugin", "Plugins\Email\EmailPlugin.csproj", "{D7BC2DBD-417F-4A24-B5E8-A7A563972683}"
EndProject
Project("{FAE04EC0-301F-11D3-BF4B-00C04F79EFBC}") = "HRSupportPlugin", "Plugins\HRSupport\HRSupportPlugin.csproj", "{56115713-8CFA-43B1-B28F-525F372CBFB4}"
EndProject
Project("{FAE04EC0-301F-11D3-BF4B-00C04F79EFBC}") = "PhoneCallPlugin", "Plugins\PhoneCall\PhoneCallPlugin.csproj", "{692C8355-0804-4B0D-9A82-E093C5B3AF9A}"
EndProject
Project("{FAE04EC0-301F-11D3-BF4B-00C04F79EFBC}") = "QueueItemPlugin", "Plugins\QueueItem\QueueItemPlugin.csproj", "{BB432094-9237-49A2-B598-80B7B465E579}"
EndProject
Project("{FAE04EC0-301F-11D3-BF4B-00C04F79EFBC}") = "RestrictDeleteForEmail", "Plugins\RestrictDeleteForEmail\RestrictDeleteForEmail.csproj", "{8DA2B50C-A2B3-4B6D-9877-3E3DBF8EEE24}"
EndProject
Project("{FAE04EC0-301F-11D3-BF4B-00C04F79EFBC}") = "InternalApprovalPlugin", "Plugins\InternalApproval\InternalApprovalPlugin.csproj", "{B4E0BF5C-1BAA-4185-99F3-6C4DEA4D7CF9}"
EndProject
Project("{FAE04EC0-301F-11D3-BF4B-00C04F79EFBC}") = "AskHR.IncidentReportWorkflow", "Workflow\AskHR.IncidentReportWorkflow\AskHR.IncidentReportWorkflow.csproj", "{68AEF2B4-8323-4AE9-A112-108B49DFB936}"
EndProject
Project("{FAE04EC0-301F-11D3-BF4B-00C04F79EFBC}") = "Askhr.QueueinCC", "Workflow\Askhr.QueueinCC\Askhr.QueueinCC.csproj", "{B6FC2EEB-8A69-4362-8B19-4A0E66A99B9B}"
EndProject
Project("{FAE04EC0-301F-11D3-BF4B-00C04F79EFBC}") = "CalcFirstResponse", "Workflow\CalcFirstResponse\CalcFirstResponse.csproj", "{F34D9A62-C696-4957-ABB2-2172CAEA4893}"
EndProject
Project("{FAE04EC0-301F-11D3-BF4B-00C04F79EFBC}") = "CWFDeleteQueueOnUserCreation", "Workflow\CWFDeleteQueueOnUserCreation\CWFDeleteQueueOnUserCreation.csproj", "{FA02DBC2-5F3B-451A-8602-E480A234ABF1}"
EndProject
Project("{FAE04EC0-301F-11D3-BF4B-00C04F79EFBC}") = "EDMActivity", "Workflow\EDMActivity\EDMActivity.csproj", "{EB23A0FE-AE5E-4615-AE06-10F078DFF713}"
EndProject
Project("{FAE04EC0-301F-11D3-BF4B-00C04F79EFBC}") = "EmailWorkflow", "Workflow\Email\EmailWorkflow.csproj", "{132E4C6D-B853-4B26-AAA9-C5010A7636DD}"
EndProject
Project("{FAE04EC0-301F-11D3-BF4B-00C04F79EFBC}") = "HRWebActivityToCase", "Workflow\HRWebActivityToCase\HRWebActivityToCase.csproj", "{1BCC67D7-193C-484D-9905-0AC326679C57}"
EndProject
Project("{FAE04EC0-301F-11D3-BF4B-00C04F79EFBC}") = "InternalApprovalActivity", "Workflow\InternalApprovalActivity\InternalApprovalActivity.csproj", "{D37132C4-F872-45C9-A2C3-32A361754B15}"
EndProject
Project("{FAE04EC0-301F-11D3-BF4B-00C04F79EFBC}") = "NotificationsWorkflow", "Workflow\NotificationsWorkflow\NotificationsWorkflow.csproj", "{D7442BFD-D07D-4246-A1E9-48F3A7C7559C}"
EndProject
Project("{FAE04EC0-301F-11D3-BF4B-00C04F79EFBC}") = "QueueItemWorkflow", "Workflow\QueueItemWorkflow\QueueItemWorkflow.csproj", "{AAE2DE17-F577-4858-A479-1E228C75779E}"
EndProject
Project("{FAE04EC0-301F-11D3-BF4B-00C04F79EFBC}") = "RMActivityWorkflow", "Workflow\RMActivity\RMActivityWorkflow.csproj", "{61ECE786-CB13-4191-940F-4A866E073732}"
EndProject
Project("{FAE04EC0-301F-11D3-BF4B-00C04F79EFBC}") = "Update Queue Item", "Workflow\Update Queue Item\Update Queue Item.csproj", "{71372240-D1D0-41F7-B0F8-9159928FFF49}"
EndProject
Project("{2150E333-8FDC-42A3-9474-1A3956D46DE8}") = ".SolutionFiles", ".SolutionFiles", "{28ED01AA-6EBA-4849-9027-61BF09A78A9A}"
	ProjectSection(SolutionItems) = preProject
		..\gitattributes = ..\gitattributes
		..\gitignore = ..\gitignore
		..\nuget.config = ..\nuget.config
	EndProjectSection
EndProject
Global
	GlobalSection(SolutionConfigurationPlatforms) = preSolution
		Debug|Any CPU = Debug|Any CPU
		Release|Any CPU = Release|Any CPU
	EndGlobalSection
	GlobalSection(ProjectConfigurationPlatforms) = postSolution
		{B865A6D6-6FC8-450C-AEE0-16236D769C33}.Debug|Any CPU.ActiveCfg = Debug|Any CPU
		{B865A6D6-6FC8-450C-AEE0-16236D769C33}.Debug|Any CPU.Build.0 = Debug|Any CPU
		{B865A6D6-6FC8-450C-AEE0-16236D769C33}.Release|Any CPU.ActiveCfg = Release|Any CPU
		{B865A6D6-6FC8-450C-AEE0-16236D769C33}.Release|Any CPU.Build.0 = Release|Any CPU
		{D8C0D1BE-8A16-4E09-83A9-144DB603F87C}.Debug|Any CPU.ActiveCfg = Debug|Any CPU
		{D8C0D1BE-8A16-4E09-83A9-144DB603F87C}.Debug|Any CPU.Build.0 = Debug|Any CPU
		{D8C0D1BE-8A16-4E09-83A9-144DB603F87C}.Release|Any CPU.ActiveCfg = Release|Any CPU
		{D8C0D1BE-8A16-4E09-83A9-144DB603F87C}.Release|Any CPU.Build.0 = Release|Any CPU
		{D7BC2DBD-417F-4A24-B5E8-A7A563972683}.Debug|Any CPU.ActiveCfg = Debug|Any CPU
		{D7BC2DBD-417F-4A24-B5E8-A7A563972683}.Debug|Any CPU.Build.0 = Debug|Any CPU
		{D7BC2DBD-417F-4A24-B5E8-A7A563972683}.Release|Any CPU.ActiveCfg = Release|Any CPU
		{D7BC2DBD-417F-4A24-B5E8-A7A563972683}.Release|Any CPU.Build.0 = Release|Any CPU
		{56115713-8CFA-43B1-B28F-525F372CBFB4}.Debug|Any CPU.ActiveCfg = Debug|Any CPU
		{56115713-8CFA-43B1-B28F-525F372CBFB4}.Debug|Any CPU.Build.0 = Debug|Any CPU
		{56115713-8CFA-43B1-B28F-525F372CBFB4}.Release|Any CPU.ActiveCfg = Release|Any CPU
		{56115713-8CFA-43B1-B28F-525F372CBFB4}.Release|Any CPU.Build.0 = Release|Any CPU
		{692C8355-0804-4B0D-9A82-E093C5B3AF9A}.Debug|Any CPU.ActiveCfg = Debug|Any CPU
		{692C8355-0804-4B0D-9A82-E093C5B3AF9A}.Debug|Any CPU.Build.0 = Debug|Any CPU
		{692C8355-0804-4B0D-9A82-E093C5B3AF9A}.Release|Any CPU.ActiveCfg = Release|Any CPU
		{692C8355-0804-4B0D-9A82-E093C5B3AF9A}.Release|Any CPU.Build.0 = Release|Any CPU
		{BB432094-9237-49A2-B598-80B7B465E579}.Debug|Any CPU.ActiveCfg = Debug|Any CPU
		{BB432094-9237-49A2-B598-80B7B465E579}.Debug|Any CPU.Build.0 = Debug|Any CPU
		{BB432094-9237-49A2-B598-80B7B465E579}.Release|Any CPU.ActiveCfg = Release|Any CPU
		{BB432094-9237-49A2-B598-80B7B465E579}.Release|Any CPU.Build.0 = Release|Any CPU
		{8DA2B50C-A2B3-4B6D-9877-3E3DBF8EEE24}.Debug|Any CPU.ActiveCfg = Debug|Any CPU
		{8DA2B50C-A2B3-4B6D-9877-3E3DBF8EEE24}.Debug|Any CPU.Build.0 = Debug|Any CPU
		{8DA2B50C-A2B3-4B6D-9877-3E3DBF8EEE24}.Release|Any CPU.ActiveCfg = Release|Any CPU
		{8DA2B50C-A2B3-4B6D-9877-3E3DBF8EEE24}.Release|Any CPU.Build.0 = Release|Any CPU
		{B4E0BF5C-1BAA-4185-99F3-6C4DEA4D7CF9}.Debug|Any CPU.ActiveCfg = Debug|Any CPU
		{B4E0BF5C-1BAA-4185-99F3-6C4DEA4D7CF9}.Debug|Any CPU.Build.0 = Debug|Any CPU
		{B4E0BF5C-1BAA-4185-99F3-6C4DEA4D7CF9}.Release|Any CPU.ActiveCfg = Release|Any CPU
		{B4E0BF5C-1BAA-4185-99F3-6C4DEA4D7CF9}.Release|Any CPU.Build.0 = Release|Any CPU
		{68AEF2B4-8323-4AE9-A112-108B49DFB936}.Debug|Any CPU.ActiveCfg = Debug|Any CPU
		{68AEF2B4-8323-4AE9-A112-108B49DFB936}.Debug|Any CPU.Build.0 = Debug|Any CPU
		{68AEF2B4-8323-4AE9-A112-108B49DFB936}.Release|Any CPU.ActiveCfg = Release|Any CPU
		{68AEF2B4-8323-4AE9-A112-108B49DFB936}.Release|Any CPU.Build.0 = Release|Any CPU
		{B6FC2EEB-8A69-4362-8B19-4A0E66A99B9B}.Debug|Any CPU.ActiveCfg = Debug|Any CPU
		{B6FC2EEB-8A69-4362-8B19-4A0E66A99B9B}.Debug|Any CPU.Build.0 = Debug|Any CPU
		{B6FC2EEB-8A69-4362-8B19-4A0E66A99B9B}.Release|Any CPU.ActiveCfg = Release|Any CPU
		{B6FC2EEB-8A69-4362-8B19-4A0E66A99B9B}.Release|Any CPU.Build.0 = Release|Any CPU
		{F34D9A62-C696-4957-ABB2-2172CAEA4893}.Debug|Any CPU.ActiveCfg = Debug|Any CPU
		{F34D9A62-C696-4957-ABB2-2172CAEA4893}.Debug|Any CPU.Build.0 = Debug|Any CPU
		{F34D9A62-C696-4957-ABB2-2172CAEA4893}.Release|Any CPU.ActiveCfg = Release|Any CPU
		{F34D9A62-C696-4957-ABB2-2172CAEA4893}.Release|Any CPU.Build.0 = Release|Any CPU
		{FA02DBC2-5F3B-451A-8602-E480A234ABF1}.Debug|Any CPU.ActiveCfg = Debug|Any CPU
		{FA02DBC2-5F3B-451A-8602-E480A234ABF1}.Debug|Any CPU.Build.0 = Debug|Any CPU
		{FA02DBC2-5F3B-451A-8602-E480A234ABF1}.Release|Any CPU.ActiveCfg = Release|Any CPU
		{FA02DBC2-5F3B-451A-8602-E480A234ABF1}.Release|Any CPU.Build.0 = Release|Any CPU
		{EB23A0FE-AE5E-4615-AE06-10F078DFF713}.Debug|Any CPU.ActiveCfg = Debug|Any CPU
		{EB23A0FE-AE5E-4615-AE06-10F078DFF713}.Debug|Any CPU.Build.0 = Debug|Any CPU
		{EB23A0FE-AE5E-4615-AE06-10F078DFF713}.Release|Any CPU.ActiveCfg = Release|Any CPU
		{EB23A0FE-AE5E-4615-AE06-10F078DFF713}.Release|Any CPU.Build.0 = Release|Any CPU
		{132E4C6D-B853-4B26-AAA9-C5010A7636DD}.Debug|Any CPU.ActiveCfg = Debug|Any CPU
		{132E4C6D-B853-4B26-AAA9-C5010A7636DD}.Debug|Any CPU.Build.0 = Debug|Any CPU
		{132E4C6D-B853-4B26-AAA9-C5010A7636DD}.Release|Any CPU.ActiveCfg = Release|Any CPU
		{132E4C6D-B853-4B26-AAA9-C5010A7636DD}.Release|Any CPU.Build.0 = Release|Any CPU
		{1BCC67D7-193C-484D-9905-0AC326679C57}.Debug|Any CPU.ActiveCfg = Debug|Any CPU
		{1BCC67D7-193C-484D-9905-0AC326679C57}.Debug|Any CPU.Build.0 = Debug|Any CPU
		{1BCC67D7-193C-484D-9905-0AC326679C57}.Release|Any CPU.ActiveCfg = Release|Any CPU
		{1BCC67D7-193C-484D-9905-0AC326679C57}.Release|Any CPU.Build.0 = Release|Any CPU
		{D37132C4-F872-45C9-A2C3-32A361754B15}.Debug|Any CPU.ActiveCfg = Debug|Any CPU
		{D37132C4-F872-45C9-A2C3-32A361754B15}.Debug|Any CPU.Build.0 = Debug|Any CPU
		{D37132C4-F872-45C9-A2C3-32A361754B15}.Release|Any CPU.ActiveCfg = Release|Any CPU
		{D37132C4-F872-45C9-A2C3-32A361754B15}.Release|Any CPU.Build.0 = Release|Any CPU
		{D7442BFD-D07D-4246-A1E9-48F3A7C7559C}.Debug|Any CPU.ActiveCfg = Debug|Any CPU
		{D7442BFD-D07D-4246-A1E9-48F3A7C7559C}.Debug|Any CPU.Build.0 = Debug|Any CPU
		{D7442BFD-D07D-4246-A1E9-48F3A7C7559C}.Release|Any CPU.ActiveCfg = Release|Any CPU
		{D7442BFD-D07D-4246-A1E9-48F3A7C7559C}.Release|Any CPU.Build.0 = Release|Any CPU
		{AAE2DE17-F577-4858-A479-1E228C75779E}.Debug|Any CPU.ActiveCfg = Debug|Any CPU
		{AAE2DE17-F577-4858-A479-1E228C75779E}.Debug|Any CPU.Build.0 = Debug|Any CPU
		{AAE2DE17-F577-4858-A479-1E228C75779E}.Release|Any CPU.ActiveCfg = Release|Any CPU
		{AAE2DE17-F577-4858-A479-1E228C75779E}.Release|Any CPU.Build.0 = Release|Any CPU
		{61ECE786-CB13-4191-940F-4A866E073732}.Debug|Any CPU.ActiveCfg = Debug|Any CPU
		{61ECE786-CB13-4191-940F-4A866E073732}.Debug|Any CPU.Build.0 = Debug|Any CPU
		{61ECE786-CB13-4191-940F-4A866E073732}.Release|Any CPU.ActiveCfg = Release|Any CPU
		{61ECE786-CB13-4191-940F-4A866E073732}.Release|Any CPU.Build.0 = Release|Any CPU
		{71372240-D1D0-41F7-B0F8-9159928FFF49}.Debug|Any CPU.ActiveCfg = Debug|Any CPU
		{71372240-D1D0-41F7-B0F8-9159928FFF49}.Debug|Any CPU.Build.0 = Debug|Any CPU
		{71372240-D1D0-41F7-B0F8-9159928FFF49}.Release|Any CPU.ActiveCfg = Release|Any CPU
		{71372240-D1D0-41F7-B0F8-9159928FFF49}.Release|Any CPU.Build.0 = Release|Any CPU
	EndGlobalSection
	GlobalSection(SolutionProperties) = preSolution
		HideSolutionNode = FALSE
	EndGlobalSection
	GlobalSection(NestedProjects) = preSolution
		{B865A6D6-6FC8-450C-AEE0-16236D769C33} = {9CEDF9CF-FE95-4870-8EB6-7B05AC2D1D0C}
		{D8C0D1BE-8A16-4E09-83A9-144DB603F87C} = {9CEDF9CF-FE95-4870-8EB6-7B05AC2D1D0C}
		{D7BC2DBD-417F-4A24-B5E8-A7A563972683} = {9CEDF9CF-FE95-4870-8EB6-7B05AC2D1D0C}
		{56115713-8CFA-43B1-B28F-525F372CBFB4} = {9CEDF9CF-FE95-4870-8EB6-7B05AC2D1D0C}
		{692C8355-0804-4B0D-9A82-E093C5B3AF9A} = {9CEDF9CF-FE95-4870-8EB6-7B05AC2D1D0C}
		{BB432094-9237-49A2-B598-80B7B465E579} = {9CEDF9CF-FE95-4870-8EB6-7B05AC2D1D0C}
		{8DA2B50C-A2B3-4B6D-9877-3E3DBF8EEE24} = {9CEDF9CF-FE95-4870-8EB6-7B05AC2D1D0C}
		{B4E0BF5C-1BAA-4185-99F3-6C4DEA4D7CF9} = {9CEDF9CF-FE95-4870-8EB6-7B05AC2D1D0C}
		{68AEF2B4-8323-4AE9-A112-108B49DFB936} = {0E547793-EB8F-45FB-A992-D3484D80CCB6}
		{B6FC2EEB-8A69-4362-8B19-4A0E66A99B9B} = {0E547793-EB8F-45FB-A992-D3484D80CCB6}
		{F34D9A62-C696-4957-ABB2-2172CAEA4893} = {0E547793-EB8F-45FB-A992-D3484D80CCB6}
		{FA02DBC2-5F3B-451A-8602-E480A234ABF1} = {0E547793-EB8F-45FB-A992-D3484D80CCB6}
		{EB23A0FE-AE5E-4615-AE06-10F078DFF713} = {0E547793-EB8F-45FB-A992-D3484D80CCB6}
		{132E4C6D-B853-4B26-AAA9-C5010A7636DD} = {0E547793-EB8F-45FB-A992-D3484D80CCB6}
		{1BCC67D7-193C-484D-9905-0AC326679C57} = {0E547793-EB8F-45FB-A992-D3484D80CCB6}
		{D37132C4-F872-45C9-A2C3-32A361754B15} = {0E547793-EB8F-45FB-A992-D3484D80CCB6}
		{D7442BFD-D07D-4246-A1E9-48F3A7C7559C} = {0E547793-EB8F-45FB-A992-D3484D80CCB6}
		{AAE2DE17-F577-4858-A479-1E228C75779E} = {0E547793-EB8F-45FB-A992-D3484D80CCB6}
		{61ECE786-CB13-4191-940F-4A866E073732} = {0E547793-EB8F-45FB-A992-D3484D80CCB6}
		{71372240-D1D0-41F7-B0F8-9159928FFF49} = {0E547793-EB8F-45FB-A992-D3484D80CCB6}
	EndGlobalSection
	GlobalSection(ExtensibilityGlobals) = postSolution
		SolutionGuid = {3224C096-F0CC-4EDF-806E-1193C035EDA8}
	EndGlobalSection
EndGlobal
